
Microsoft Visual Studio Solution File, Format Version 12.00
# Visual Studio Version 17
VisualStudioVersion = 17.9.34622.214
MinimumVisualStudioVersion = 10.0.40219.1
Project("{9A19103F-16F7-4668-BE54-9A1E7A4F7556}") = "Cinemate", "Cinemate.csproj", "{5AE21393-795F-4401-8C1A-9E05090D826A}"
EndProject
Global
	GlobalSection(SolutionConfigurationPlatforms) = preSolution
		Debug|Any CPU = Debug|Any CPU
		Release|Any CPU = Release|Any CPU
	EndGlobalSection
	GlobalSection(ProjectConfigurationPlatforms) = postSolution
		{5AE21393-795F-4401-8C1A-9E05090D826A}.Debug|Any CPU.ActiveCfg = Debug|Any CPU
		{5AE21393-795F-4401-8C1A-9E05090D826A}.Debug|Any CPU.Build.0 = Debug|Any CPU
		{5AE21393-795F-4401-8C1A-9E05090D826A}.Debug|Any CPU.Deploy.0 = Debug|Any CPU
		{5AE21393-795F-4401-8C1A-9E05090D826A}.Release|Any CPU.ActiveCfg = Release|Any CPU
		{5AE21393-795F-4401-8C1A-9E05090D826A}.Release|Any CPU.Build.0 = Release|Any CPU
		{5AE21393-795F-4401-8C1A-9E05090D826A}.Release|Any CPU.Deploy.0 = Release|Any CPU
	EndGlobalSection
	GlobalSection(SolutionProperties) = preSolution
		HideSolutionNode = FALSE
	EndGlobalSection
	GlobalSection(ExtensibilityGlobals) = postSolution
		SolutionGuid = {AF4F0A6C-7FDD-401B-BA11-D27D8C96FDF5}
	EndGlobalSection
EndGlobal
